
Microsoft Visual Studio Solution File, Format Version 12.00
# Visual Studio Version 17
VisualStudioVersion = 17.0.31903.59
MinimumVisualStudioVersion = 10.0.40219.1
Project("{FAE04EC0-301F-11D3-BF4B-00C04F79EFBC}") = "API", "API\API.csproj", "{407C13CA-8442-49C1-883A-F40A8CB245D6}"
EndProject
Project("{FAE04EC0-301F-11D3-BF4B-00C04F79EFBC}") = "Application", "Application\Application.csproj", "{D2F65EDD-9427-4474-8335-07BB3FF749DC}"
EndProject
Project("{FAE04EC0-301F-11D3-BF4B-00C04F79EFBC}") = "Domain", "Domain\Domain.csproj", "{1A67D906-E0B5-4F5E-8F64-E6B03894C1D4}"
EndProject
Project("{FAE04EC0-301F-11D3-BF4B-00C04F79EFBC}") = "Persistence", "Persistence\Persistence.csproj", "{A3E99A56-1EAA-4409-8E6E-0C9945168120}"
EndProject
Global
	GlobalSection(SolutionConfigurationPlatforms) = preSolution
		Debug|Any CPU = Debug|Any CPU
		Release|Any CPU = Release|Any CPU
	EndGlobalSection
	GlobalSection(SolutionProperties) = preSolution
		HideSolutionNode = FALSE
	EndGlobalSection
	GlobalSection(ProjectConfigurationPlatforms) = postSolution
		{407C13CA-8442-49C1-883A-F40A8CB245D6}.Debug|Any CPU.ActiveCfg = Debug|Any CPU
		{407C13CA-8442-49C1-883A-F40A8CB245D6}.Debug|Any CPU.Build.0 = Debug|Any CPU
		{407C13CA-8442-49C1-883A-F40A8CB245D6}.Release|Any CPU.ActiveCfg = Release|Any CPU
		{407C13CA-8442-49C1-883A-F40A8CB245D6}.Release|Any CPU.Build.0 = Release|Any CPU
		{D2F65EDD-9427-4474-8335-07BB3FF749DC}.Debug|Any CPU.ActiveCfg = Debug|Any CPU
		{D2F65EDD-9427-4474-8335-07BB3FF749DC}.Debug|Any CPU.Build.0 = Debug|Any CPU
		{D2F65EDD-9427-4474-8335-07BB3FF749DC}.Release|Any CPU.ActiveCfg = Release|Any CPU
		{D2F65EDD-9427-4474-8335-07BB3FF749DC}.Release|Any CPU.Build.0 = Release|Any CPU
		{1A67D906-E0B5-4F5E-8F64-E6B03894C1D4}.Debug|Any CPU.ActiveCfg = Debug|Any CPU
		{1A67D906-E0B5-4F5E-8F64-E6B03894C1D4}.Debug|Any CPU.Build.0 = Debug|Any CPU
		{1A67D906-E0B5-4F5E-8F64-E6B03894C1D4}.Release|Any CPU.ActiveCfg = Release|Any CPU
		{1A67D906-E0B5-4F5E-8F64-E6B03894C1D4}.Release|Any CPU.Build.0 = Release|Any CPU
		{A3E99A56-1EAA-4409-8E6E-0C9945168120}.Debug|Any CPU.ActiveCfg = Debug|Any CPU
		{A3E99A56-1EAA-4409-8E6E-0C9945168120}.Debug|Any CPU.Build.0 = Debug|Any CPU
		{A3E99A56-1EAA-4409-8E6E-0C9945168120}.Release|Any CPU.ActiveCfg = Release|Any CPU
		{A3E99A56-1EAA-4409-8E6E-0C9945168120}.Release|Any CPU.Build.0 = Release|Any CPU
	EndGlobalSection
EndGlobal
